
Microsoft Visual Studio Solution File, Format Version 12.00
# Visual Studio Version 16
VisualStudioVersion = 16.0.30804.86
MinimumVisualStudioVersion = 10.0.40219.1
Project("{FAE04EC0-301F-11D3-BF4B-00C04F79EFBC}") = "Tic tac Toe Game by Rahul Semwal", "Tic tac Toe Game by Rahul Semwal\Tic tac Toe Game by Rahul Semwal.csproj", "{0727F4C8-CFE5-4932-AA4E-1E626B9E101D}"
EndProject
Global
	GlobalSection(SolutionConfigurationPlatforms) = preSolution
		Debug|Any CPU = Debug|Any CPU
		Release|Any CPU = Release|Any CPU
	EndGlobalSection
	GlobalSection(ProjectConfigurationPlatforms) = postSolution
		{0727F4C8-CFE5-4932-AA4E-1E626B9E101D}.Debug|Any CPU.ActiveCfg = Debug|Any CPU
		{0727F4C8-CFE5-4932-AA4E-1E626B9E101D}.Debug|Any CPU.Build.0 = Debug|Any CPU
		{0727F4C8-CFE5-4932-AA4E-1E626B9E101D}.Release|Any CPU.ActiveCfg = Release|Any CPU
		{0727F4C8-CFE5-4932-AA4E-1E626B9E101D}.Release|Any CPU.Build.0 = Release|Any CPU
	EndGlobalSection
	GlobalSection(SolutionProperties) = preSolution
		HideSolutionNode = FALSE
	EndGlobalSection
	GlobalSection(ExtensibilityGlobals) = postSolution
		SolutionGuid = {7F9C041A-8058-4CA0-8802-E06146632634}
	EndGlobalSection
EndGlobal
